
Microsoft Visual Studio Solution File, Format Version 12.00
# Visual Studio Version 17
VisualStudioVersion = 17.8.34322.80
MinimumVisualStudioVersion = 10.0.40219.1
Project("{FAE04EC0-301F-11D3-BF4B-00C04F79EFBC}") = "AngularWithApiDotNet.Model", "AngularWithApiDotNet.Model\AngularWithApiDotNet.Model.csproj", "{4FCF5E5A-1CB1-4912-943C-97F16264287A}"
EndProject
Project("{FAE04EC0-301F-11D3-BF4B-00C04F79EFBC}") = "AngularWithApiDotNet.Data", "AngularWithApiDotNet.Data\AngularWithApiDotNet.Data.csproj", "{DD86429B-E736-44B8-834B-F959536D68D3}"
EndProject
Project("{FAE04EC0-301F-11D3-BF4B-00C04F79EFBC}") = "AngularWithApiDotNet.Core", "AngularWithApiDotNet.Core\AngularWithApiDotNet.Core.csproj", "{223719EE-B0FB-462A-9BFF-AAC6C08882C7}"
EndProject
Project("{FAE04EC0-301F-11D3-BF4B-00C04F79EFBC}") = "AngularWithApiDotNet.Test", "AngularWithApiDotNet.Test\AngularWithApiDotNet.Test.csproj", "{7D692BD2-80D7-406D-8C44-C739477B3752}"
EndProject
Project("{FAE04EC0-301F-11D3-BF4B-00C04F79EFBC}") = "AngularWithApiDotNet.API", "AngularWithApiDotNet.API\AngularWithApiDotNet.API.csproj", "{64990C7F-4B06-47B6-B3C6-D6493EC28F4F}"
EndProject
Global
	GlobalSection(SolutionConfigurationPlatforms) = preSolution
		Debug|Any CPU = Debug|Any CPU
		Release|Any CPU = Release|Any CPU
	EndGlobalSection
	GlobalSection(ProjectConfigurationPlatforms) = postSolution
		{4FCF5E5A-1CB1-4912-943C-97F16264287A}.Debug|Any CPU.ActiveCfg = Debug|Any CPU
		{4FCF5E5A-1CB1-4912-943C-97F16264287A}.Debug|Any CPU.Build.0 = Debug|Any CPU
		{4FCF5E5A-1CB1-4912-943C-97F16264287A}.Release|Any CPU.ActiveCfg = Release|Any CPU
		{4FCF5E5A-1CB1-4912-943C-97F16264287A}.Release|Any CPU.Build.0 = Release|Any CPU
		{DD86429B-E736-44B8-834B-F959536D68D3}.Debug|Any CPU.ActiveCfg = Debug|Any CPU
		{DD86429B-E736-44B8-834B-F959536D68D3}.Debug|Any CPU.Build.0 = Debug|Any CPU
		{DD86429B-E736-44B8-834B-F959536D68D3}.Release|Any CPU.ActiveCfg = Release|Any CPU
		{DD86429B-E736-44B8-834B-F959536D68D3}.Release|Any CPU.Build.0 = Release|Any CPU
		{223719EE-B0FB-462A-9BFF-AAC6C08882C7}.Debug|Any CPU.ActiveCfg = Debug|Any CPU
		{223719EE-B0FB-462A-9BFF-AAC6C08882C7}.Debug|Any CPU.Build.0 = Debug|Any CPU
		{223719EE-B0FB-462A-9BFF-AAC6C08882C7}.Release|Any CPU.ActiveCfg = Release|Any CPU
		{223719EE-B0FB-462A-9BFF-AAC6C08882C7}.Release|Any CPU.Build.0 = Release|Any CPU
		{7D692BD2-80D7-406D-8C44-C739477B3752}.Debug|Any CPU.ActiveCfg = Debug|Any CPU
		{7D692BD2-80D7-406D-8C44-C739477B3752}.Debug|Any CPU.Build.0 = Debug|Any CPU
		{7D692BD2-80D7-406D-8C44-C739477B3752}.Release|Any CPU.ActiveCfg = Release|Any CPU
		{7D692BD2-80D7-406D-8C44-C739477B3752}.Release|Any CPU.Build.0 = Release|Any CPU
		{64990C7F-4B06-47B6-B3C6-D6493EC28F4F}.Debug|Any CPU.ActiveCfg = Debug|Any CPU
		{64990C7F-4B06-47B6-B3C6-D6493EC28F4F}.Debug|Any CPU.Build.0 = Debug|Any CPU
		{64990C7F-4B06-47B6-B3C6-D6493EC28F4F}.Release|Any CPU.ActiveCfg = Release|Any CPU
		{64990C7F-4B06-47B6-B3C6-D6493EC28F4F}.Release|Any CPU.Build.0 = Release|Any CPU
	EndGlobalSection
	GlobalSection(SolutionProperties) = preSolution
		HideSolutionNode = FALSE
	EndGlobalSection
	GlobalSection(ExtensibilityGlobals) = postSolution
		SolutionGuid = {D8540B52-2370-4D29-8CA4-E64E5BEEBE54}
	EndGlobalSection
EndGlobal
